
Microsoft Visual Studio Solution File, Format Version 12.00
# Visual Studio Version 17
VisualStudioVersion = 17.10.34916.146
MinimumVisualStudioVersion = 10.0.40219.1
Project("{FAE04EC0-301F-11D3-BF4B-00C04F79EFBC}") = "Store", "Store\Store.csproj", "{1E1D9A2A-4A2A-4B67-BF7C-B723B1BABD65}"
EndProject
Global
	GlobalSection(SolutionConfigurationPlatforms) = preSolution
		Debug|Any CPU = Debug|Any CPU
		Release|Any CPU = Release|Any CPU
	EndGlobalSection
	GlobalSection(ProjectConfigurationPlatforms) = postSolution
		{1E1D9A2A-4A2A-4B67-BF7C-B723B1BABD65}.Debug|Any CPU.ActiveCfg = Debug|Any CPU
		{1E1D9A2A-4A2A-4B67-BF7C-B723B1BABD65}.Debug|Any CPU.Build.0 = Debug|Any CPU
		{1E1D9A2A-4A2A-4B67-BF7C-B723B1BABD65}.Release|Any CPU.ActiveCfg = Release|Any CPU
		{1E1D9A2A-4A2A-4B67-BF7C-B723B1BABD65}.Release|Any CPU.Build.0 = Release|Any CPU
	EndGlobalSection
	GlobalSection(SolutionProperties) = preSolution
		HideSolutionNode = FALSE
	EndGlobalSection
	GlobalSection(ExtensibilityGlobals) = postSolution
		SolutionGuid = {42AD0B0B-0A05-45A8-A5DA-D2E4B8AFEB47}
	EndGlobalSection
EndGlobal
